
Microsoft Visual Studio Solution File, Format Version 12.00
# Visual Studio Version 16
VisualStudioVersion = 16.0.30907.101
MinimumVisualStudioVersion = 10.0.40219.1
Project("{FAE04EC0-301F-11D3-BF4B-00C04F79EFBC}") = "Boolean_While_Statement", "Boolean_While_Statement.csproj", "{8B89ECEB-7461-4730-A358-0EAD4926AB09}"
EndProject
Global
	GlobalSection(SolutionConfigurationPlatforms) = preSolution
		Debug|Any CPU = Debug|Any CPU
		Release|Any CPU = Release|Any CPU
	EndGlobalSection
	GlobalSection(ProjectConfigurationPlatforms) = postSolution
		{8B89ECEB-7461-4730-A358-0EAD4926AB09}.Debug|Any CPU.ActiveCfg = Debug|Any CPU
		{8B89ECEB-7461-4730-A358-0EAD4926AB09}.Debug|Any CPU.Build.0 = Debug|Any CPU
		{8B89ECEB-7461-4730-A358-0EAD4926AB09}.Release|Any CPU.ActiveCfg = Release|Any CPU
		{8B89ECEB-7461-4730-A358-0EAD4926AB09}.Release|Any CPU.Build.0 = Release|Any CPU
	EndGlobalSection
	GlobalSection(SolutionProperties) = preSolution
		HideSolutionNode = FALSE
	EndGlobalSection
	GlobalSection(ExtensibilityGlobals) = postSolution
		SolutionGuid = {807E540E-CFC3-44B8-8E96-9EF749225570}
	EndGlobalSection
EndGlobal
