
Microsoft Visual Studio Solution File, Format Version 12.00
# Visual Studio Version 16
VisualStudioVersion = 16.0.30907.101
MinimumVisualStudioVersion = 10.0.40219.1
Project("{FAE04EC0-301F-11D3-BF4B-00C04F79EFBC}") = "WebApplication_Demo", "WebApplication_Demo.csproj", "{47206C0B-1F23-441A-A4C3-EAAD210522EC}"
EndProject
Global
	GlobalSection(SolutionConfigurationPlatforms) = preSolution
		Debug|Any CPU = Debug|Any CPU
		Release|Any CPU = Release|Any CPU
	EndGlobalSection
	GlobalSection(ProjectConfigurationPlatforms) = postSolution
		{47206C0B-1F23-441A-A4C3-EAAD210522EC}.Debug|Any CPU.ActiveCfg = Debug|Any CPU
		{47206C0B-1F23-441A-A4C3-EAAD210522EC}.Debug|Any CPU.Build.0 = Debug|Any CPU
		{47206C0B-1F23-441A-A4C3-EAAD210522EC}.Release|Any CPU.ActiveCfg = Release|Any CPU
		{47206C0B-1F23-441A-A4C3-EAAD210522EC}.Release|Any CPU.Build.0 = Release|Any CPU
	EndGlobalSection
	GlobalSection(SolutionProperties) = preSolution
		HideSolutionNode = FALSE
	EndGlobalSection
	GlobalSection(ExtensibilityGlobals) = postSolution
		SolutionGuid = {F4296F5C-EEC7-460A-AEB1-5F2529B46925}
	EndGlobalSection
EndGlobal
